
Microsoft Visual Studio Solution File, Format Version 11.00
# Visual Studio 2010
Project("{FAE04EC0-301F-11D3-BF4B-00C04F79EFBC}") = "Assembly-CSharp", "Assembly-CSharp.csproj", "{11604ed3-d214-a110-ae68-23c5e6d77d40}"
EndProject
Project("{FAE04EC0-301F-11D3-BF4B-00C04F79EFBC}") = "Assembly-CSharp-Editor", "Assembly-CSharp-Editor.csproj", "{aa63749e-93c6-07ff-491d-8baf05d206c6}"
EndProject
Global
	GlobalSection(SolutionConfigurationPlatforms) = preSolution
		Debug|Any CPU = Debug|Any CPU
	EndGlobalSection
	GlobalSection(ProjectConfigurationPlatforms) = postSolution
		{11604ed3-d214-a110-ae68-23c5e6d77d40}.Debug|Any CPU.ActiveCfg = Debug|Any CPU
		{11604ed3-d214-a110-ae68-23c5e6d77d40}.Debug|Any CPU.Build.0 = Debug|Any CPU
		{aa63749e-93c6-07ff-491d-8baf05d206c6}.Debug|Any CPU.ActiveCfg = Debug|Any CPU
		{aa63749e-93c6-07ff-491d-8baf05d206c6}.Debug|Any CPU.Build.0 = Debug|Any CPU
	EndGlobalSection
	GlobalSection(SolutionProperties) = preSolution
		HideSolutionNode = FALSE
	EndGlobalSection
EndGlobal
